
Microsoft Visual Studio Solution File, Format Version 12.00
# Visual Studio Version 17
VisualStudioVersion = 17.14.36221.1 d17.14
MinimumVisualStudioVersion = 10.0.40219.1
Project("{FAE04EC0-301F-11D3-BF4B-00C04F79EFBC}") = "DelegatesApp", "DelegatesApp\DelegatesApp.csproj", "{03944A78-CB79-4482-847F-A3775508A817}"
EndProject
Global
	GlobalSection(SolutionConfigurationPlatforms) = preSolution
		Debug|Any CPU = Debug|Any CPU
		Release|Any CPU = Release|Any CPU
	EndGlobalSection
	GlobalSection(ProjectConfigurationPlatforms) = postSolution
		{03944A78-CB79-4482-847F-A3775508A817}.Debug|Any CPU.ActiveCfg = Debug|Any CPU
		{03944A78-CB79-4482-847F-A3775508A817}.Debug|Any CPU.Build.0 = Debug|Any CPU
		{03944A78-CB79-4482-847F-A3775508A817}.Release|Any CPU.ActiveCfg = Release|Any CPU
		{03944A78-CB79-4482-847F-A3775508A817}.Release|Any CPU.Build.0 = Release|Any CPU
	EndGlobalSection
	GlobalSection(SolutionProperties) = preSolution
		HideSolutionNode = FALSE
	EndGlobalSection
	GlobalSection(ExtensibilityGlobals) = postSolution
		SolutionGuid = {7927ED1F-B952-43B6-9109-813EE4653B97}
	EndGlobalSection
EndGlobal
