
Microsoft Visual Studio Solution File, Format Version 12.00
# Visual Studio Version 17
VisualStudioVersion = 17.14.36221.1 d17.14
MinimumVisualStudioVersion = 10.0.40219.1
Project("{FAE04EC0-301F-11D3-BF4B-00C04F79EFBC}") = "MathClass", "MathClass\MathClass.csproj", "{2936AB3B-E8EB-4C09-8DA3-57B39A17942D}"
EndProject
Global
	GlobalSection(SolutionConfigurationPlatforms) = preSolution
		Debug|Any CPU = Debug|Any CPU
		Release|Any CPU = Release|Any CPU
	EndGlobalSection
	GlobalSection(ProjectConfigurationPlatforms) = postSolution
		{2936AB3B-E8EB-4C09-8DA3-57B39A17942D}.Debug|Any CPU.ActiveCfg = Debug|Any CPU
		{2936AB3B-E8EB-4C09-8DA3-57B39A17942D}.Debug|Any CPU.Build.0 = Debug|Any CPU
		{2936AB3B-E8EB-4C09-8DA3-57B39A17942D}.Release|Any CPU.ActiveCfg = Release|Any CPU
		{2936AB3B-E8EB-4C09-8DA3-57B39A17942D}.Release|Any CPU.Build.0 = Release|Any CPU
	EndGlobalSection
	GlobalSection(SolutionProperties) = preSolution
		HideSolutionNode = FALSE
	EndGlobalSection
	GlobalSection(ExtensibilityGlobals) = postSolution
		SolutionGuid = {D74B52D3-60B7-42F7-B7B3-BB1C31504F11}
	EndGlobalSection
EndGlobal
