
Microsoft Visual Studio Solution File, Format Version 12.00
# Visual Studio Version 17
VisualStudioVersion = 17.14.36221.1 d17.14
MinimumVisualStudioVersion = 10.0.40219.1
Project("{FAE04EC0-301F-11D3-BF4B-00C04F79EFBC}") = "SolutionAverageCalculator", "SolutionAverageCalculator\SolutionAverageCalculator.csproj", "{EF085D79-C818-4FAB-B466-B3B4A8AF8BAC}"
EndProject
Global
	GlobalSection(SolutionConfigurationPlatforms) = preSolution
		Debug|Any CPU = Debug|Any CPU
		Release|Any CPU = Release|Any CPU
	EndGlobalSection
	GlobalSection(ProjectConfigurationPlatforms) = postSolution
		{EF085D79-C818-4FAB-B466-B3B4A8AF8BAC}.Debug|Any CPU.ActiveCfg = Debug|Any CPU
		{EF085D79-C818-4FAB-B466-B3B4A8AF8BAC}.Debug|Any CPU.Build.0 = Debug|Any CPU
		{EF085D79-C818-4FAB-B466-B3B4A8AF8BAC}.Release|Any CPU.ActiveCfg = Release|Any CPU
		{EF085D79-C818-4FAB-B466-B3B4A8AF8BAC}.Release|Any CPU.Build.0 = Release|Any CPU
	EndGlobalSection
	GlobalSection(SolutionProperties) = preSolution
		HideSolutionNode = FALSE
	EndGlobalSection
	GlobalSection(ExtensibilityGlobals) = postSolution
		SolutionGuid = {F46BB48A-F1E4-46BB-8926-DB59E33EE26A}
	EndGlobalSection
EndGlobal
